
Microsoft Visual Studio Solution File, Format Version 12.00
# Visual Studio Version 17
VisualStudioVersion = 17.11.35222.181
MinimumVisualStudioVersion = 10.0.40219.1
Project("{9A19103F-16F7-4668-BE54-9A1E7A4F7556}") = "RedirectApplication", "RedirectApplication\RedirectApplication.csproj", "{EC55097A-EF11-41B2-AC6C-C542342CF267}"
EndProject
Project("{FAE04EC0-301F-11D3-BF4B-00C04F79EFBC}") = "RedirectApplication.Test", "RedirectApplication.Test\RedirectApplication.Test.csproj", "{788842EC-5E9F-4A21-869F-8D28F5AB693F}"
EndProject
Global
	GlobalSection(SolutionConfigurationPlatforms) = preSolution
		Debug|Any CPU = Debug|Any CPU
		Release|Any CPU = Release|Any CPU
	EndGlobalSection
	GlobalSection(ProjectConfigurationPlatforms) = postSolution
		{EC55097A-EF11-41B2-AC6C-C542342CF267}.Debug|Any CPU.ActiveCfg = Debug|Any CPU
		{EC55097A-EF11-41B2-AC6C-C542342CF267}.Debug|Any CPU.Build.0 = Debug|Any CPU
		{EC55097A-EF11-41B2-AC6C-C542342CF267}.Release|Any CPU.ActiveCfg = Release|Any CPU
		{EC55097A-EF11-41B2-AC6C-C542342CF267}.Release|Any CPU.Build.0 = Release|Any CPU
		{788842EC-5E9F-4A21-869F-8D28F5AB693F}.Debug|Any CPU.ActiveCfg = Debug|Any CPU
		{788842EC-5E9F-4A21-869F-8D28F5AB693F}.Debug|Any CPU.Build.0 = Debug|Any CPU
		{788842EC-5E9F-4A21-869F-8D28F5AB693F}.Release|Any CPU.ActiveCfg = Release|Any CPU
		{788842EC-5E9F-4A21-869F-8D28F5AB693F}.Release|Any CPU.Build.0 = Release|Any CPU
	EndGlobalSection
	GlobalSection(SolutionProperties) = preSolution
		HideSolutionNode = FALSE
	EndGlobalSection
	GlobalSection(ExtensibilityGlobals) = postSolution
		SolutionGuid = {5FA6382C-6286-407F-BC15-CC03544E0608}
	EndGlobalSection
EndGlobal
